{
  "version": 4,
  "terraform_version": "1.2.3",
  "serial": 12,
  "lineage": "3e972c6f-91c3-e114-42e4-94353f197a35",
  "outputs": {},
  "resources": [
    {
      "mode": "managed",
      "type": "google_sql_database_instance",
      "name": "gcp_database",
      "provider": "provider[\"registry.terraform.io/hashicorp/google\"]",
      "instances": [
        {
          "schema_version": 0,
          "attributes": {
            "clone": [],
            "connection_name": "mihai-test-341609:europe-west2:gcpdatabase",
            "database_version": "MYSQL_5_7",
            "deletion_protection": false,
            "first_ip_address": "34.105.129.52",
            "id": "gcpdatabase",
            "ip_address": [
              {
                "ip_address": "34.105.129.52",
                "time_to_retire": "",
                "type": "PRIMARY"
              }
            ],
            "master_instance_name": "",
            "name": "gcpdatabase",
            "private_ip_address": "",
            "project": "mihai-test-341609",
            "public_ip_address": "34.105.129.52",
            "region": "europe-west2",
            "replica_configuration": [],
            "restore_backup_context": [],
            "root_password": null,
            "self_link": "https://sqladmin.googleapis.com/sql/v1beta4/projects/mihai-test-341609/instances/gcpdatabase",
            "server_ca_cert": [
              {
                "cert": "-----BEGIN CERTIFICATE-----\nMIIDfzCCAmegAwIBAgIBADANBgkqhkiG9w0BAQsFADB3MS0wKwYDVQQuEyQ4YjNl\nYTE0MC01ZTE5LTQwMDAtYTlhYi1mMzk4OWMyNzZlMTcxIzAhBgNVBAMTGkdvb2ds\nZSBDbG91ZCBTUUwgU2VydmVyIENBMRQwEgYDVQQKEwtHb29nbGUsIEluYzELMAkG\nA1UEBhMCVVMwHhcNMjIwNjIxMTQ0NjQzWhcNMzIwNjE4MTQ0NzQzWjB3MS0wKwYD\nVQQuEyQ4YjNlYTE0MC01ZTE5LTQwMDAtYTlhYi1mMzk4OWMyNzZlMTcxIzAhBgNV\nBAMTGkdvb2dsZSBDbG91ZCBTUUwgU2VydmVyIENBMRQwEgYDVQQKEwtHb29nbGUs\nIEluYzELMAkGA1UEBhMCVVMwggEiMA0GCSqGSIb3DQEBAQUAA4IBDwAwggEKAoIB\nAQCjXUnB7RPi+MekyaBu9Yev/Q5S2vVgmdIoeMAo7wMbyi8cLSsgwQGkGJe3xfoK\nvovKa5ZQTQjcmH9gG1bhi7ID35nOC6D8VVWxRDrLPfCc+RwuE9n85zN4gWLD7eR1\niF0lU8LRHPk05x79qGFERTB344gIchhCX3F5zedfx7mkZr5Y/jh7fXUl7ER8Csfo\n9uT6cjrb4q7VNZbgjCGwcl7ZJJmSaBbInHI59lL3FBBASxOrpWU2RZ29SkdshPUm\nSIG7cTmbDg86NxFC2w18K8Ri/5pbXdWQl0H1UopHS2ucZVe0bmiGUXW0DojTwKot\nkfPUj6c2WRvfNMCge63t8+T9AgMBAAGjFjAUMBIGA1UdEwEB/wQIMAYBAf8CAQAw\nDQYJKoZIhvcNAQELBQADggEBADPdjMEErpBNJ3DVKYOb+kYH6UA3HWc5T8twzAVh\noe7bK7ItyY3EOpSi1IDI41EVZ7PCOaKR8tyeSaxvstPNsSjVXwS6Upb30cm7cns7\nnV1J523Sb2+wTN4DQjjaAvW0zesj0F/LZ/a3Exz7MMQWau3q6JLA42FG2h1+IAqp\nSSf+LKnS2Mj9u7hkdckFGgQzIfE84bPO3diVGhX9RvIm4jYT3n1s2le9qU7NPGzp\nwJEphj8fWCrYknOt+/RCOGk1ewlk8XtLJtEn+uCytxPnWX8AIS5eR0u+wvQJGviU\nAQa5E9LAS1ZRjCL/K7GJYoMwHqkUtbYkt2OTasp10s7Pxic=\n-----END CERTIFICATE-----",
                "common_name": "C=US,O=Google\\, Inc,CN=Google Cloud SQL Server CA,dnQualifier=8b3ea140-5e19-4000-a9ab-f3989c276e17",
                "create_time": "2022-06-21T14:46:43.993Z",
                "expiration_time": "2032-06-18T14:47:43.993Z",
                "sha1_fingerprint": "26287433385878de21408277beee29b3683b7393"
              }
            ],
            "service_account_email_address": "p940365574844-nbkg81@gcp-sa-cloud-sql.iam.gserviceaccount.com",
            "settings": [
              {
                "activation_policy": "ALWAYS",
                "active_directory_config": [],
                "availability_type": "ZONAL",
                "backup_configuration": [
                  {
                    "backup_retention_settings": [
                      {
                        "retained_backups": 7,
                        "retention_unit": "COUNT"
                      }
                    ],
                    "binary_log_enabled": false,
                    "enabled": false,
                    "location": "",
                    "point_in_time_recovery_enabled": false,
                    "start_time": "11:00",
                    "transaction_log_retention_days": 7
                  }
                ],
                "collation": "",
                "database_flags": [],
                "disk_autoresize": true,
                "disk_autoresize_limit": 0,
                "disk_size": 20,
                "disk_type": "PD_SSD",
                "insights_config": [],
                "ip_configuration": [
                  {
                    "allocated_ip_range": "",
                    "authorized_networks": [],
                    "ipv4_enabled": true,
                    "private_network": "",
                    "require_ssl": false
                  }
                ],
                "location_preference": [
                  {
                    "follow_gae_application": "",
                    "zone": "europe-west2-b"
                  }
                ],
                "maintenance_window": [],
                "pricing_plan": "PER_USE",
                "tier": "db-f1-micro",
                "user_labels": {},
                "version": 7
              }
            ],
            "timeouts": null
          },
          "sensitive_attributes": [],
          "private": "eyJlMmJmYjczMC1lY2FhLTExZTYtOGY4OC0zNDM2M2JjN2M0YzAiOnsiY3JlYXRlIjoxODAwMDAwMDAwMDAwLCJkZWxldGUiOjE4MDAwMDAwMDAwMDAsInVwZGF0ZSI6MTgwMDAwMDAwMDAwMH19"
        }
      ]
    },
    {
      "mode": "managed",
      "type": "google_sql_user",
      "name": "admin",
      "provider": "provider[\"registry.terraform.io/hashicorp/google\"]",
      "instances": [
        {
          "index_key": 0,
          "schema_version": 1,
          "attributes": {
            "deletion_policy": null,
            "host": "%",
            "id": "admin/%/gcpdatabase",
            "instance": "gcpdatabase",
            "name": "admin",
            "password": "123456",
            "project": "mihai-test-341609",
            "sql_server_user_details": [],
            "timeouts": null,
            "type": ""
          },
          "sensitive_attributes": [],
          "private": "eyJlMmJmYjczMC1lY2FhLTExZTYtOGY4OC0zNDM2M2JjN2M0YzAiOnsiY3JlYXRlIjo2MDAwMDAwMDAwMDAsImRlbGV0ZSI6NjAwMDAwMDAwMDAwLCJ1cGRhdGUiOjYwMDAwMDAwMDAwMH0sInNjaGVtYV92ZXJzaW9uIjoiMSJ9",
          "dependencies": [
            "google_sql_database_instance.gcp_database"
          ]
        }
      ]
    }
  ]
}
